
Microsoft Visual Studio Solution File, Format Version 12.00
# Visual Studio Version 16
VisualStudioVersion = 16.0.30523.141
MinimumVisualStudioVersion = 10.0.40219.1
Project("{FAE04EC0-301F-11D3-BF4B-00C04F79EFBC}") = "DoSmart", "DoSmart\DoSmart.csproj", "{957DA2F8-5132-4613-A9BA-F8EC05022913}"
EndProject
Project("{FAE04EC0-301F-11D3-BF4B-00C04F79EFBC}") = "DoSmart.Tests", "DoSmart.Tests\DoSmart.Tests.csproj", "{3E02EF28-997F-493C-AA78-9A4BDA545A05}"
EndProject
Global
	GlobalSection(SolutionConfigurationPlatforms) = preSolution
		Debug|Any CPU = Debug|Any CPU
		Release|Any CPU = Release|Any CPU
	EndGlobalSection
	GlobalSection(ProjectConfigurationPlatforms) = postSolution
		{957DA2F8-5132-4613-A9BA-F8EC05022913}.Debug|Any CPU.ActiveCfg = Debug|Any CPU
		{957DA2F8-5132-4613-A9BA-F8EC05022913}.Debug|Any CPU.Build.0 = Debug|Any CPU
		{957DA2F8-5132-4613-A9BA-F8EC05022913}.Release|Any CPU.ActiveCfg = Release|Any CPU
		{957DA2F8-5132-4613-A9BA-F8EC05022913}.Release|Any CPU.Build.0 = Release|Any CPU
		{3E02EF28-997F-493C-AA78-9A4BDA545A05}.Debug|Any CPU.ActiveCfg = Debug|Any CPU
		{3E02EF28-997F-493C-AA78-9A4BDA545A05}.Debug|Any CPU.Build.0 = Debug|Any CPU
		{3E02EF28-997F-493C-AA78-9A4BDA545A05}.Release|Any CPU.ActiveCfg = Release|Any CPU
		{3E02EF28-997F-493C-AA78-9A4BDA545A05}.Release|Any CPU.Build.0 = Release|Any CPU
	EndGlobalSection
	GlobalSection(SolutionProperties) = preSolution
		HideSolutionNode = FALSE
	EndGlobalSection
	GlobalSection(ExtensibilityGlobals) = postSolution
		SolutionGuid = {CC9458BF-17C5-4BF5-8424-77EE462436A6}
	EndGlobalSection
EndGlobal
